
Microsoft Visual Studio Solution File, Format Version 12.00
# Visual Studio 15
VisualStudioVersion = 15.0.28307.539
MinimumVisualStudioVersion = 10.0.40219.1
Project("{FAE04EC0-301F-11D3-BF4B-00C04F79EFBC}") = "Publicise", "Publicise\Publicise.csproj", "{08E53DD8-A0A0-4BD6-904B-313371A897F7}"
EndProject
Global
	GlobalSection(SolutionConfigurationPlatforms) = preSolution
		Debug|Any CPU = Debug|Any CPU
		Release|Any CPU = Release|Any CPU
	EndGlobalSection
	GlobalSection(ProjectConfigurationPlatforms) = postSolution
		{08E53DD8-A0A0-4BD6-904B-313371A897F7}.Debug|Any CPU.ActiveCfg = Debug|Any CPU
		{08E53DD8-A0A0-4BD6-904B-313371A897F7}.Debug|Any CPU.Build.0 = Debug|Any CPU
		{08E53DD8-A0A0-4BD6-904B-313371A897F7}.Release|Any CPU.ActiveCfg = Release|Any CPU
		{08E53DD8-A0A0-4BD6-904B-313371A897F7}.Release|Any CPU.Build.0 = Release|Any CPU
	EndGlobalSection
	GlobalSection(SolutionProperties) = preSolution
		HideSolutionNode = FALSE
	EndGlobalSection
	GlobalSection(ExtensibilityGlobals) = postSolution
		SolutionGuid = {47875CB3-5FE2-4041-97BD-272E8C15A1D5}
	EndGlobalSection
EndGlobal
